// !$*UTF8*$!
{
	archiveVersion = 1;
	classes = {
	};
	objectVersion = 51;
	objects = {

/* Begin PBXBuildFile section */
		01CF6195FA67834B4B66F5E3 /* Pods_MyMind_MyMindUITests.framework in Frameworks */ = {isa = PBXBuildFile; fileRef = 20E97C84258EA1B1937DA48F /* Pods_MyMind_MyMindUITests.framework */; };
		2E5069A60BD231A8689574B6 /* Pods_MyMind.framework in Frameworks */ = {isa = PBXBuildFile; fileRef = BE0100A79B8C832CE91F6186 /* Pods_MyMind.framework */; };
		9660C0DF9C9E4D5B23E221A7 /* Pods_MyMindTests.framework in Frameworks */ = {isa = PBXBuildFile; fileRef = 56E343FC883B3C7BBFB9A075 /* Pods_MyMindTests.framework */; };
		A44A5A6E25F9B0D200995823 /* AppDelegate.swift in Sources */ = {isa = PBXBuildFile; fileRef = A44A5A6D25F9B0D200995823 /* AppDelegate.swift */; };
		A44A5A7025F9B0D200995823 /* SceneDelegate.swift in Sources */ = {isa = PBXBuildFile; fileRef = A44A5A6F25F9B0D200995823 /* SceneDelegate.swift */; };
		A44A5A7225F9B0D200995823 /* ViewController.swift in Sources */ = {isa = PBXBuildFile; fileRef = A44A5A7125F9B0D200995823 /* ViewController.swift */; };
		A44A5A7525F9B0D200995823 /* Main.storyboard in Resources */ = {isa = PBXBuildFile; fileRef = A44A5A7325F9B0D200995823 /* Main.storyboard */; };
		A44A5A7725F9B0D300995823 /* Assets.xcassets in Resources */ = {isa = PBXBuildFile; fileRef = A44A5A7625F9B0D300995823 /* Assets.xcassets */; };
		A44A5A7A25F9B0D300995823 /* LaunchScreen.storyboard in Resources */ = {isa = PBXBuildFile; fileRef = A44A5A7825F9B0D300995823 /* LaunchScreen.storyboard */; };
		A44A5A8525F9B0D300995823 /* MyMindTests.swift in Sources */ = {isa = PBXBuildFile; fileRef = A44A5A8425F9B0D300995823 /* MyMindTests.swift */; };
		A44A5A9025F9B0D300995823 /* MyMindUITests.swift in Sources */ = {isa = PBXBuildFile; fileRef = A44A5A8F25F9B0D300995823 /* MyMindUITests.swift */; };
		A4705B9126020E5700B30CE6 /* Response.swift in Sources */ = {isa = PBXBuildFile; fileRef = A4705B9026020E5700B30CE6 /* Response.swift */; };
		A4793C682604423800AD280C /* SignInServiceTest.swift in Sources */ = {isa = PBXBuildFile; fileRef = A4793C672604423700AD280C /* SignInServiceTest.swift */; };
		A49CF8B6260301DE00AFC170 /* Endpoint.swift in Sources */ = {isa = PBXBuildFile; fileRef = A49CF8B5260301DE00AFC170 /* Endpoint.swift */; };
		A49CF8BB2603028C00AFC170 /* APIService.swift in Sources */ = {isa = PBXBuildFile; fileRef = A49CF8BA2603028C00AFC170 /* APIService.swift */; };
		A49CF8C0260306D200AFC170 /* APIError.swift in Sources */ = {isa = PBXBuildFile; fileRef = A49CF8BF260306D200AFC170 /* APIError.swift */; };
		A49CF8C526030CEE00AFC170 /* SignInService.swift in Sources */ = {isa = PBXBuildFile; fileRef = A49CF8C426030CEE00AFC170 /* SignInService.swift */; };
		A49CF92A26034BEA00AFC170 /* CaptchaSession.swift in Sources */ = {isa = PBXBuildFile; fileRef = A49CF92926034BEA00AFC170 /* CaptchaSession.swift */; };
		A49CF9302603518A00AFC170 /* CodableTests.swift in Sources */ = {isa = PBXBuildFile; fileRef = A49CF92F2603518A00AFC170 /* CodableTests.swift */; };
		A49CF9382603523100AFC170 /* captcha_session.json in Resources */ = {isa = PBXBuildFile; fileRef = A49CF9372603523100AFC170 /* captcha_session.json */; };
		A49CF93C2603527500AFC170 /* captcha_session.json in Resources */ = {isa = PBXBuildFile; fileRef = A49CF9372603523100AFC170 /* captcha_session.json */; };
/* End PBXBuildFile section */

/* Begin PBXContainerItemProxy section */
		A44A5A8125F9B0D300995823 /* PBXContainerItemProxy */ = {
			isa = PBXContainerItemProxy;
			containerPortal = A44A5A6225F9B0D200995823 /* Project object */;
			proxyType = 1;
			remoteGlobalIDString = A44A5A6925F9B0D200995823;
			remoteInfo = MyMind;
		};
		A44A5A8C25F9B0D300995823 /* PBXContainerItemProxy */ = {
			isa = PBXContainerItemProxy;
			containerPortal = A44A5A6225F9B0D200995823 /* Project object */;
			proxyType = 1;
			remoteGlobalIDString = A44A5A6925F9B0D200995823;
			remoteInfo = MyMind;
		};
/* End PBXContainerItemProxy section */

/* Begin PBXFileReference section */
		0AF0378B82A57CDF6EBF3621 /* Pods-MyMind.alpha.xcconfig */ = {isa = PBXFileReference; includeInIndex = 1; lastKnownFileType = text.xcconfig; name = "Pods-MyMind.alpha.xcconfig"; path = "Target Support Files/Pods-MyMind/Pods-MyMind.alpha.xcconfig"; sourceTree = "<group>"; };
		134E37E4F16EA43954BE94DF /* Pods-MyMindTests.release.xcconfig */ = {isa = PBXFileReference; includeInIndex = 1; lastKnownFileType = text.xcconfig; name = "Pods-MyMindTests.release.xcconfig"; path = "Target Support Files/Pods-MyMindTests/Pods-MyMindTests.release.xcconfig"; sourceTree = "<group>"; };
		1B3C32F18D3A714EFDC0B22E /* Pods-MyMindTests.debug.xcconfig */ = {isa = PBXFileReference; includeInIndex = 1; lastKnownFileType = text.xcconfig; name = "Pods-MyMindTests.debug.xcconfig"; path = "Target Support Files/Pods-MyMindTests/Pods-MyMindTests.debug.xcconfig"; sourceTree = "<group>"; };
		20E97C84258EA1B1937DA48F /* Pods_MyMind_MyMindUITests.framework */ = {isa = PBXFileReference; explicitFileType = wrapper.framework; includeInIndex = 0; path = Pods_MyMind_MyMindUITests.framework; sourceTree = BUILT_PRODUCTS_DIR; };
		36D22F503087EEC031CF0D02 /* Pods-MyMind-MyMindUITests.alpha.xcconfig */ = {isa = PBXFileReference; includeInIndex = 1; lastKnownFileType = text.xcconfig; name = "Pods-MyMind-MyMindUITests.alpha.xcconfig"; path = "Target Support Files/Pods-MyMind-MyMindUITests/Pods-MyMind-MyMindUITests.alpha.xcconfig"; sourceTree = "<group>"; };
		3B6D7B8475F284AB766B490C /* Pods-MyMindTests.alpha.xcconfig */ = {isa = PBXFileReference; includeInIndex = 1; lastKnownFileType = text.xcconfig; name = "Pods-MyMindTests.alpha.xcconfig"; path = "Target Support Files/Pods-MyMindTests/Pods-MyMindTests.alpha.xcconfig"; sourceTree = "<group>"; };
		56E343FC883B3C7BBFB9A075 /* Pods_MyMindTests.framework */ = {isa = PBXFileReference; explicitFileType = wrapper.framework; includeInIndex = 0; path = Pods_MyMindTests.framework; sourceTree = BUILT_PRODUCTS_DIR; };
		5DE023121A8831DEABDA0767 /* Pods-MyMind-MyMindUITests.debug.xcconfig */ = {isa = PBXFileReference; includeInIndex = 1; lastKnownFileType = text.xcconfig; name = "Pods-MyMind-MyMindUITests.debug.xcconfig"; path = "Target Support Files/Pods-MyMind-MyMindUITests/Pods-MyMind-MyMindUITests.debug.xcconfig"; sourceTree = "<group>"; };
		8A105A1720C2E5FCBADB8898 /* Pods-MyMind.debug.xcconfig */ = {isa = PBXFileReference; includeInIndex = 1; lastKnownFileType = text.xcconfig; name = "Pods-MyMind.debug.xcconfig"; path = "Target Support Files/Pods-MyMind/Pods-MyMind.debug.xcconfig"; sourceTree = "<group>"; };
		A44A5A6A25F9B0D200995823 /* MyMind.app */ = {isa = PBXFileReference; explicitFileType = wrapper.application; includeInIndex = 0; path = MyMind.app; sourceTree = BUILT_PRODUCTS_DIR; };
		A44A5A6D25F9B0D200995823 /* AppDelegate.swift */ = {isa = PBXFileReference; lastKnownFileType = sourcecode.swift; path = AppDelegate.swift; sourceTree = "<group>"; };
		A44A5A6F25F9B0D200995823 /* SceneDelegate.swift */ = {isa = PBXFileReference; lastKnownFileType = sourcecode.swift; path = SceneDelegate.swift; sourceTree = "<group>"; };
		A44A5A7125F9B0D200995823 /* ViewController.swift */ = {isa = PBXFileReference; lastKnownFileType = sourcecode.swift; path = ViewController.swift; sourceTree = "<group>"; };
		A44A5A7425F9B0D200995823 /* Base */ = {isa = PBXFileReference; lastKnownFileType = file.storyboard; name = Base; path = Base.lproj/Main.storyboard; sourceTree = "<group>"; };
		A44A5A7625F9B0D300995823 /* Assets.xcassets */ = {isa = PBXFileReference; lastKnownFileType = folder.assetcatalog; path = Assets.xcassets; sourceTree = "<group>"; };
		A44A5A7925F9B0D300995823 /* Base */ = {isa = PBXFileReference; lastKnownFileType = file.storyboard; name = Base; path = Base.lproj/LaunchScreen.storyboard; sourceTree = "<group>"; };
		A44A5A7B25F9B0D300995823 /* Info.plist */ = {isa = PBXFileReference; lastKnownFileType = text.plist.xml; path = Info.plist; sourceTree = "<group>"; };
		A44A5A8025F9B0D300995823 /* MyMindTests.xctest */ = {isa = PBXFileReference; explicitFileType = wrapper.cfbundle; includeInIndex = 0; path = MyMindTests.xctest; sourceTree = BUILT_PRODUCTS_DIR; };
		A44A5A8425F9B0D300995823 /* MyMindTests.swift */ = {isa = PBXFileReference; lastKnownFileType = sourcecode.swift; path = MyMindTests.swift; sourceTree = "<group>"; };
		A44A5A8625F9B0D300995823 /* Info.plist */ = {isa = PBXFileReference; lastKnownFileType = text.plist.xml; path = Info.plist; sourceTree = "<group>"; };
		A44A5A8B25F9B0D300995823 /* MyMindUITests.xctest */ = {isa = PBXFileReference; explicitFileType = wrapper.cfbundle; includeInIndex = 0; path = MyMindUITests.xctest; sourceTree = BUILT_PRODUCTS_DIR; };
		A44A5A8F25F9B0D300995823 /* MyMindUITests.swift */ = {isa = PBXFileReference; lastKnownFileType = sourcecode.swift; path = MyMindUITests.swift; sourceTree = "<group>"; };
		A44A5A9125F9B0D300995823 /* Info.plist */ = {isa = PBXFileReference; lastKnownFileType = text.plist.xml; path = Info.plist; sourceTree = "<group>"; };
		A4705B9026020E5700B30CE6 /* Response.swift */ = {isa = PBXFileReference; lastKnownFileType = sourcecode.swift; path = Response.swift; sourceTree = "<group>"; };
		A4793C672604423700AD280C /* SignInServiceTest.swift */ = {isa = PBXFileReference; lastKnownFileType = sourcecode.swift; path = SignInServiceTest.swift; sourceTree = "<group>"; };
		A49CF8B5260301DE00AFC170 /* Endpoint.swift */ = {isa = PBXFileReference; lastKnownFileType = sourcecode.swift; path = Endpoint.swift; sourceTree = "<group>"; };
		A49CF8BA2603028C00AFC170 /* APIService.swift */ = {isa = PBXFileReference; lastKnownFileType = sourcecode.swift; path = APIService.swift; sourceTree = "<group>"; };
		A49CF8BF260306D200AFC170 /* APIError.swift */ = {isa = PBXFileReference; lastKnownFileType = sourcecode.swift; path = APIError.swift; sourceTree = "<group>"; };
		A49CF8C426030CEE00AFC170 /* SignInService.swift */ = {isa = PBXFileReference; lastKnownFileType = sourcecode.swift; path = SignInService.swift; sourceTree = "<group>"; };
		A49CF92926034BEA00AFC170 /* CaptchaSession.swift */ = {isa = PBXFileReference; lastKnownFileType = sourcecode.swift; path = CaptchaSession.swift; sourceTree = "<group>"; };
		A49CF92F2603518A00AFC170 /* CodableTests.swift */ = {isa = PBXFileReference; lastKnownFileType = sourcecode.swift; path = CodableTests.swift; sourceTree = "<group>"; };
		A49CF9372603523100AFC170 /* captcha_session.json */ = {isa = PBXFileReference; lastKnownFileType = text.json; path = captcha_session.json; sourceTree = "<group>"; };
		A64D73FCB71924FE21D7799F /* Pods-MyMind.release.xcconfig */ = {isa = PBXFileReference; includeInIndex = 1; lastKnownFileType = text.xcconfig; name = "Pods-MyMind.release.xcconfig"; path = "Target Support Files/Pods-MyMind/Pods-MyMind.release.xcconfig"; sourceTree = "<group>"; };
		BE0100A79B8C832CE91F6186 /* Pods_MyMind.framework */ = {isa = PBXFileReference; explicitFileType = wrapper.framework; includeInIndex = 0; path = Pods_MyMind.framework; sourceTree = BUILT_PRODUCTS_DIR; };
		EB6BB17D55B5E80D4362936C /* Pods-MyMind-MyMindUITests.release.xcconfig */ = {isa = PBXFileReference; includeInIndex = 1; lastKnownFileType = text.xcconfig; name = "Pods-MyMind-MyMindUITests.release.xcconfig"; path = "Target Support Files/Pods-MyMind-MyMindUITests/Pods-MyMind-MyMindUITests.release.xcconfig"; sourceTree = "<group>"; };
/* End PBXFileReference section */

/* Begin PBXFrameworksBuildPhase section */
		A44A5A6725F9B0D200995823 /* Frameworks */ = {
			isa = PBXFrameworksBuildPhase;
			buildActionMask = 2147483647;
			files = (
				2E5069A60BD231A8689574B6 /* Pods_MyMind.framework in Frameworks */,
			);
			runOnlyForDeploymentPostprocessing = 0;
		};
		A44A5A7D25F9B0D300995823 /* Frameworks */ = {
			isa = PBXFrameworksBuildPhase;
			buildActionMask = 2147483647;
			files = (
				9660C0DF9C9E4D5B23E221A7 /* Pods_MyMindTests.framework in Frameworks */,
			);
			runOnlyForDeploymentPostprocessing = 0;
		};
		A44A5A8825F9B0D300995823 /* Frameworks */ = {
			isa = PBXFrameworksBuildPhase;
			buildActionMask = 2147483647;
			files = (
				01CF6195FA67834B4B66F5E3 /* Pods_MyMind_MyMindUITests.framework in Frameworks */,
			);
			runOnlyForDeploymentPostprocessing = 0;
		};
/* End PBXFrameworksBuildPhase section */

/* Begin PBXGroup section */
		99DF18E649B1BAAECF6252D2 /* Frameworks */ = {
			isa = PBXGroup;
			children = (
				BE0100A79B8C832CE91F6186 /* Pods_MyMind.framework */,
				20E97C84258EA1B1937DA48F /* Pods_MyMind_MyMindUITests.framework */,
				56E343FC883B3C7BBFB9A075 /* Pods_MyMindTests.framework */,
			);
			name = Frameworks;
			sourceTree = "<group>";
		};
		A44A5A6125F9B0D200995823 = {
			isa = PBXGroup;
			children = (
				A44A5A6C25F9B0D200995823 /* MyMind */,
				A44A5A8325F9B0D300995823 /* MyMindTests */,
				A44A5A8E25F9B0D300995823 /* MyMindUITests */,
				A44A5A6B25F9B0D200995823 /* Products */,
				FE90B85D82B6B4639CD1A164 /* Pods */,
				99DF18E649B1BAAECF6252D2 /* Frameworks */,
			);
			sourceTree = "<group>";
		};
		A44A5A6B25F9B0D200995823 /* Products */ = {
			isa = PBXGroup;
			children = (
				A44A5A6A25F9B0D200995823 /* MyMind.app */,
				A44A5A8025F9B0D300995823 /* MyMindTests.xctest */,
				A44A5A8B25F9B0D300995823 /* MyMindUITests.xctest */,
			);
			name = Products;
			sourceTree = "<group>";
		};
		A44A5A6C25F9B0D200995823 /* MyMind */ = {
			isa = PBXGroup;
			children = (
				A49CF92E26034D1900AFC170 /* APICache */,
				A49CF8AC2602FEB100AFC170 /* API */,
				A4705B8C26020E4400B30CE6 /* Model */,
				A44A5A6D25F9B0D200995823 /* AppDelegate.swift */,
				A44A5A6F25F9B0D200995823 /* SceneDelegate.swift */,
				A44A5A7125F9B0D200995823 /* ViewController.swift */,
				A44A5A7325F9B0D200995823 /* Main.storyboard */,
				A44A5A7625F9B0D300995823 /* Assets.xcassets */,
				A44A5A7825F9B0D300995823 /* LaunchScreen.storyboard */,
				A44A5A7B25F9B0D300995823 /* Info.plist */,
			);
			path = MyMind;
			sourceTree = "<group>";
		};
		A44A5A8325F9B0D300995823 /* MyMindTests */ = {
			isa = PBXGroup;
			children = (
				A44A5A8425F9B0D300995823 /* MyMindTests.swift */,
				A44A5A8625F9B0D300995823 /* Info.plist */,
				A49CF92F2603518A00AFC170 /* CodableTests.swift */,
				A4793C672604423700AD280C /* SignInServiceTest.swift */,
			);
			path = MyMindTests;
			sourceTree = "<group>";
		};
		A44A5A8E25F9B0D300995823 /* MyMindUITests */ = {
			isa = PBXGroup;
			children = (
				A44A5A8F25F9B0D300995823 /* MyMindUITests.swift */,
				A44A5A9125F9B0D300995823 /* Info.plist */,
			);
			path = MyMindUITests;
			sourceTree = "<group>";
		};
		A4705B8C26020E4400B30CE6 /* Model */ = {
			isa = PBXGroup;
			children = (
				A4705B9026020E5700B30CE6 /* Response.swift */,
				A49CF92926034BEA00AFC170 /* CaptchaSession.swift */,
			);
			path = Model;
			sourceTree = "<group>";
		};
		A49CF8AC2602FEB100AFC170 /* API */ = {
			isa = PBXGroup;
			children = (
				A49CF8B5260301DE00AFC170 /* Endpoint.swift */,
				A49CF8BA2603028C00AFC170 /* APIService.swift */,
				A49CF8BF260306D200AFC170 /* APIError.swift */,
				A49CF8C426030CEE00AFC170 /* SignInService.swift */,
			);
			path = API;
			sourceTree = "<group>";
		};
		A49CF92E26034D1900AFC170 /* APICache */ = {
			isa = PBXGroup;
			children = (
				A49CF9372603523100AFC170 /* captcha_session.json */,
			);
			path = APICache;
			sourceTree = "<group>";
		};
		FE90B85D82B6B4639CD1A164 /* Pods */ = {
			isa = PBXGroup;
			children = (
				8A105A1720C2E5FCBADB8898 /* Pods-MyMind.debug.xcconfig */,
				0AF0378B82A57CDF6EBF3621 /* Pods-MyMind.alpha.xcconfig */,
				A64D73FCB71924FE21D7799F /* Pods-MyMind.release.xcconfig */,
				5DE023121A8831DEABDA0767 /* Pods-MyMind-MyMindUITests.debug.xcconfig */,
				36D22F503087EEC031CF0D02 /* Pods-MyMind-MyMindUITests.alpha.xcconfig */,
				EB6BB17D55B5E80D4362936C /* Pods-MyMind-MyMindUITests.release.xcconfig */,
				1B3C32F18D3A714EFDC0B22E /* Pods-MyMindTests.debug.xcconfig */,
				3B6D7B8475F284AB766B490C /* Pods-MyMindTests.alpha.xcconfig */,
				134E37E4F16EA43954BE94DF /* Pods-MyMindTests.release.xcconfig */,
			);
			path = Pods;
			sourceTree = "<group>";
		};
/* End PBXGroup section */

/* Begin PBXNativeTarget section */
		A44A5A6925F9B0D200995823 /* MyMind */ = {
			isa = PBXNativeTarget;
			buildConfigurationList = A44A5A9425F9B0D300995823 /* Build configuration list for PBXNativeTarget "MyMind" */;
			buildPhases = (
				28331022F70DEA26F0C2484F /* [CP] Check Pods Manifest.lock */,
				A44A5A6625F9B0D200995823 /* Sources */,
				A44A5A6725F9B0D200995823 /* Frameworks */,
				A44A5A6825F9B0D200995823 /* Resources */,
				E7E644337FF60CF92A16E4A4 /* [CP] Embed Pods Frameworks */,
			);
			buildRules = (
			);
			dependencies = (
			);
			name = MyMind;
			productName = MyMind;
			productReference = A44A5A6A25F9B0D200995823 /* MyMind.app */;
			productType = "com.apple.product-type.application";
		};
		A44A5A7F25F9B0D300995823 /* MyMindTests */ = {
			isa = PBXNativeTarget;
			buildConfigurationList = A44A5A9725F9B0D300995823 /* Build configuration list for PBXNativeTarget "MyMindTests" */;
			buildPhases = (
				B7DA1CB1CCCF9026970FF5AB /* [CP] Check Pods Manifest.lock */,
				A44A5A7C25F9B0D300995823 /* Sources */,
				A44A5A7D25F9B0D300995823 /* Frameworks */,
				A44A5A7E25F9B0D300995823 /* Resources */,
				75F4A5022B25211776205A55 /* [CP] Embed Pods Frameworks */,
			);
			buildRules = (
			);
			dependencies = (
				A44A5A8225F9B0D300995823 /* PBXTargetDependency */,
			);
			name = MyMindTests;
			productName = MyMindTests;
			productReference = A44A5A8025F9B0D300995823 /* MyMindTests.xctest */;
			productType = "com.apple.product-type.bundle.unit-test";
		};
		A44A5A8A25F9B0D300995823 /* MyMindUITests */ = {
			isa = PBXNativeTarget;
			buildConfigurationList = A44A5A9A25F9B0D300995823 /* Build configuration list for PBXNativeTarget "MyMindUITests" */;
			buildPhases = (
				15F551ED0AB8E9CD1085CB52 /* [CP] Check Pods Manifest.lock */,
				A44A5A8725F9B0D300995823 /* Sources */,
				A44A5A8825F9B0D300995823 /* Frameworks */,
				A44A5A8925F9B0D300995823 /* Resources */,
				5A633D295713D14FFC1D929A /* [CP] Embed Pods Frameworks */,
			);
			buildRules = (
			);
			dependencies = (
				A44A5A8D25F9B0D300995823 /* PBXTargetDependency */,
			);
			name = MyMindUITests;
			productName = MyMindUITests;
			productReference = A44A5A8B25F9B0D300995823 /* MyMindUITests.xctest */;
			productType = "com.apple.product-type.bundle.ui-testing";
		};
/* End PBXNativeTarget section */

/* Begin PBXProject section */
		A44A5A6225F9B0D200995823 /* Project object */ = {
			isa = PBXProject;
			attributes = {
				LastSwiftUpdateCheck = 1240;
				LastUpgradeCheck = 1240;
				TargetAttributes = {
					A44A5A6925F9B0D200995823 = {
						CreatedOnToolsVersion = 12.4;
					};
					A44A5A7F25F9B0D300995823 = {
						CreatedOnToolsVersion = 12.4;
						TestTargetID = A44A5A6925F9B0D200995823;
					};
					A44A5A8A25F9B0D300995823 = {
						CreatedOnToolsVersion = 12.4;
						TestTargetID = A44A5A6925F9B0D200995823;
					};
				};
			};
			buildConfigurationList = A44A5A6525F9B0D200995823 /* Build configuration list for PBXProject "MyMind" */;
			compatibilityVersion = "Xcode 9.3";
			developmentRegion = en;
			hasScannedForEncodings = 0;
			knownRegions = (
				en,
				Base,
			);
			mainGroup = A44A5A6125F9B0D200995823;
			productRefGroup = A44A5A6B25F9B0D200995823 /* Products */;
			projectDirPath = "";
			projectRoot = "";
			targets = (
				A44A5A6925F9B0D200995823 /* MyMind */,
				A44A5A7F25F9B0D300995823 /* MyMindTests */,
				A44A5A8A25F9B0D300995823 /* MyMindUITests */,
			);
		};
/* End PBXProject section */

/* Begin PBXResourcesBuildPhase section */
		A44A5A6825F9B0D200995823 /* Resources */ = {
			isa = PBXResourcesBuildPhase;
			buildActionMask = 2147483647;
			files = (
				A49CF9382603523100AFC170 /* captcha_session.json in Resources */,
				A44A5A7A25F9B0D300995823 /* LaunchScreen.storyboard in Resources */,
				A44A5A7725F9B0D300995823 /* Assets.xcassets in Resources */,
				A44A5A7525F9B0D200995823 /* Main.storyboard in Resources */,
			);
			runOnlyForDeploymentPostprocessing = 0;
		};
		A44A5A7E25F9B0D300995823 /* Resources */ = {
			isa = PBXResourcesBuildPhase;
			buildActionMask = 2147483647;
			files = (
				A49CF93C2603527500AFC170 /* captcha_session.json in Resources */,
			);
			runOnlyForDeploymentPostprocessing = 0;
		};
		A44A5A8925F9B0D300995823 /* Resources */ = {
			isa = PBXResourcesBuildPhase;
			buildActionMask = 2147483647;
			files = (
			);
			runOnlyForDeploymentPostprocessing = 0;
		};
/* End PBXResourcesBuildPhase section */

/* Begin PBXShellScriptBuildPhase section */
		15F551ED0AB8E9CD1085CB52 /* [CP] Check Pods Manifest.lock */ = {
			isa = PBXShellScriptBuildPhase;
			buildActionMask = 2147483647;
			files = (
			);
			inputFileListPaths = (
			);
			inputPaths = (
				"${PODS_PODFILE_DIR_PATH}/Podfile.lock",
				"${PODS_ROOT}/Manifest.lock",
			);
			name = "[CP] Check Pods Manifest.lock";
			outputFileListPaths = (
			);
			outputPaths = (
				"$(DERIVED_FILE_DIR)/Pods-MyMind-MyMindUITests-checkManifestLockResult.txt",
			);
			runOnlyForDeploymentPostprocessing = 0;
			shellPath = /bin/sh;
			shellScript = "diff \"${PODS_PODFILE_DIR_PATH}/Podfile.lock\" \"${PODS_ROOT}/Manifest.lock\" > /dev/null\nif [ $? != 0 ] ; then\n    # print error to STDERR\n    echo \"error: The sandbox is not in sync with the Podfile.lock. Run 'pod install' or update your CocoaPods installation.\" >&2\n    exit 1\nfi\n# This output is used by Xcode 'outputs' to avoid re-running this script phase.\necho \"SUCCESS\" > \"${SCRIPT_OUTPUT_FILE_0}\"\n";
			showEnvVarsInLog = 0;
		};
		28331022F70DEA26F0C2484F /* [CP] Check Pods Manifest.lock */ = {
			isa = PBXShellScriptBuildPhase;
			buildActionMask = 2147483647;
			files = (
			);
			inputFileListPaths = (
			);
			inputPaths = (
				"${PODS_PODFILE_DIR_PATH}/Podfile.lock",
				"${PODS_ROOT}/Manifest.lock",
			);
			name = "[CP] Check Pods Manifest.lock";
			outputFileListPaths = (
			);
			outputPaths = (
				"$(DERIVED_FILE_DIR)/Pods-MyMind-checkManifestLockResult.txt",
			);
			runOnlyForDeploymentPostprocessing = 0;
			shellPath = /bin/sh;
			shellScript = "diff \"${PODS_PODFILE_DIR_PATH}/Podfile.lock\" \"${PODS_ROOT}/Manifest.lock\" > /dev/null\nif [ $? != 0 ] ; then\n    # print error to STDERR\n    echo \"error: The sandbox is not in sync with the Podfile.lock. Run 'pod install' or update your CocoaPods installation.\" >&2\n    exit 1\nfi\n# This output is used by Xcode 'outputs' to avoid re-running this script phase.\necho \"SUCCESS\" > \"${SCRIPT_OUTPUT_FILE_0}\"\n";
			showEnvVarsInLog = 0;
		};
		5A633D295713D14FFC1D929A /* [CP] Embed Pods Frameworks */ = {
			isa = PBXShellScriptBuildPhase;
			buildActionMask = 2147483647;
			files = (
			);
			inputFileListPaths = (
				"${PODS_ROOT}/Target Support Files/Pods-MyMind-MyMindUITests/Pods-MyMind-MyMindUITests-frameworks-${CONFIGURATION}-input-files.xcfilelist",
			);
			name = "[CP] Embed Pods Frameworks";
			outputFileListPaths = (
				"${PODS_ROOT}/Target Support Files/Pods-MyMind-MyMindUITests/Pods-MyMind-MyMindUITests-frameworks-${CONFIGURATION}-output-files.xcfilelist",
			);
			runOnlyForDeploymentPostprocessing = 0;
			shellPath = /bin/sh;
			shellScript = "\"${PODS_ROOT}/Target Support Files/Pods-MyMind-MyMindUITests/Pods-MyMind-MyMindUITests-frameworks.sh\"\n";
			showEnvVarsInLog = 0;
		};
		75F4A5022B25211776205A55 /* [CP] Embed Pods Frameworks */ = {
			isa = PBXShellScriptBuildPhase;
			buildActionMask = 2147483647;
			files = (
			);
			inputFileListPaths = (
				"${PODS_ROOT}/Target Support Files/Pods-MyMindTests/Pods-MyMindTests-frameworks-${CONFIGURATION}-input-files.xcfilelist",
			);
			name = "[CP] Embed Pods Frameworks";
			outputFileListPaths = (
				"${PODS_ROOT}/Target Support Files/Pods-MyMindTests/Pods-MyMindTests-frameworks-${CONFIGURATION}-output-files.xcfilelist",
			);
			runOnlyForDeploymentPostprocessing = 0;
			shellPath = /bin/sh;
			shellScript = "\"${PODS_ROOT}/Target Support Files/Pods-MyMindTests/Pods-MyMindTests-frameworks.sh\"\n";
			showEnvVarsInLog = 0;
		};
		B7DA1CB1CCCF9026970FF5AB /* [CP] Check Pods Manifest.lock */ = {
			isa = PBXShellScriptBuildPhase;
			buildActionMask = 2147483647;
			files = (
			);
			inputFileListPaths = (
			);
			inputPaths = (
				"${PODS_PODFILE_DIR_PATH}/Podfile.lock",
				"${PODS_ROOT}/Manifest.lock",
			);
			name = "[CP] Check Pods Manifest.lock";
			outputFileListPaths = (
			);
			outputPaths = (
				"$(DERIVED_FILE_DIR)/Pods-MyMindTests-checkManifestLockResult.txt",
			);
			runOnlyForDeploymentPostprocessing = 0;
			shellPath = /bin/sh;
			shellScript = "diff \"${PODS_PODFILE_DIR_PATH}/Podfile.lock\" \"${PODS_ROOT}/Manifest.lock\" > /dev/null\nif [ $? != 0 ] ; then\n    # print error to STDERR\n    echo \"error: The sandbox is not in sync with the Podfile.lock. Run 'pod install' or update your CocoaPods installation.\" >&2\n    exit 1\nfi\n# This output is used by Xcode 'outputs' to avoid re-running this script phase.\necho \"SUCCESS\" > \"${SCRIPT_OUTPUT_FILE_0}\"\n";
			showEnvVarsInLog = 0;
		};
		E7E644337FF60CF92A16E4A4 /* [CP] Embed Pods Frameworks */ = {
			isa = PBXShellScriptBuildPhase;
			buildActionMask = 2147483647;
			files = (
			);
			inputFileListPaths = (
				"${PODS_ROOT}/Target Support Files/Pods-MyMind/Pods-MyMind-frameworks-${CONFIGURATION}-input-files.xcfilelist",
			);
			name = "[CP] Embed Pods Frameworks";
			outputFileListPaths = (
				"${PODS_ROOT}/Target Support Files/Pods-MyMind/Pods-MyMind-frameworks-${CONFIGURATION}-output-files.xcfilelist",
			);
			runOnlyForDeploymentPostprocessing = 0;
			shellPath = /bin/sh;
			shellScript = "\"${PODS_ROOT}/Target Support Files/Pods-MyMind/Pods-MyMind-frameworks.sh\"\n";
			showEnvVarsInLog = 0;
		};
/* End PBXShellScriptBuildPhase section */

/* Begin PBXSourcesBuildPhase section */
		A44A5A6625F9B0D200995823 /* Sources */ = {
			isa = PBXSourcesBuildPhase;
			buildActionMask = 2147483647;
			files = (
				A49CF8C526030CEE00AFC170 /* SignInService.swift in Sources */,
				A4705B9126020E5700B30CE6 /* Response.swift in Sources */,
				A49CF92A26034BEA00AFC170 /* CaptchaSession.swift in Sources */,
				A49CF8BB2603028C00AFC170 /* APIService.swift in Sources */,
				A44A5A7225F9B0D200995823 /* ViewController.swift in Sources */,
				A44A5A6E25F9B0D200995823 /* AppDelegate.swift in Sources */,
				A49CF8C0260306D200AFC170 /* APIError.swift in Sources */,
				A49CF8B6260301DE00AFC170 /* Endpoint.swift in Sources */,
				A44A5A7025F9B0D200995823 /* SceneDelegate.swift in Sources */,
			);
			runOnlyForDeploymentPostprocessing = 0;
		};
		A44A5A7C25F9B0D300995823 /* Sources */ = {
			isa = PBXSourcesBuildPhase;
			buildActionMask = 2147483647;
			files = (
				A49CF9302603518A00AFC170 /* CodableTests.swift in Sources */,
				A4793C682604423800AD280C /* SignInServiceTest.swift in Sources */,
				A44A5A8525F9B0D300995823 /* MyMindTests.swift in Sources */,
			);
			runOnlyForDeploymentPostprocessing = 0;
		};
		A44A5A8725F9B0D300995823 /* Sources */ = {
			isa = PBXSourcesBuildPhase;
			buildActionMask = 2147483647;
			files = (
				A44A5A9025F9B0D300995823 /* MyMindUITests.swift in Sources */,
			);
			runOnlyForDeploymentPostprocessing = 0;
		};
/* End PBXSourcesBuildPhase section */

/* Begin PBXTargetDependency section */
		A44A5A8225F9B0D300995823 /* PBXTargetDependency */ = {
			isa = PBXTargetDependency;
			target = A44A5A6925F9B0D200995823 /* MyMind */;
			targetProxy = A44A5A8125F9B0D300995823 /* PBXContainerItemProxy */;
		};
		A44A5A8D25F9B0D300995823 /* PBXTargetDependency */ = {
			isa = PBXTargetDependency;
			target = A44A5A6925F9B0D200995823 /* MyMind */;
			targetProxy = A44A5A8C25F9B0D300995823 /* PBXContainerItemProxy */;
		};
/* End PBXTargetDependency section */

/* Begin PBXVariantGroup section */
		A44A5A7325F9B0D200995823 /* Main.storyboard */ = {
			isa = PBXVariantGroup;
			children = (
				A44A5A7425F9B0D200995823 /* Base */,
			);
			name = Main.storyboard;
			sourceTree = "<group>";
		};
		A44A5A7825F9B0D300995823 /* LaunchScreen.storyboard */ = {
			isa = PBXVariantGroup;
			children = (
				A44A5A7925F9B0D300995823 /* Base */,
			);
			name = LaunchScreen.storyboard;
			sourceTree = "<group>";
		};
/* End PBXVariantGroup section */

/* Begin XCBuildConfiguration section */
		A44A5A9225F9B0D300995823 /* Debug */ = {
			isa = XCBuildConfiguration;
			buildSettings = {
				ALWAYS_SEARCH_USER_PATHS = NO;
				CLANG_ANALYZER_NONNULL = YES;
				CLANG_ANALYZER_NUMBER_OBJECT_CONVERSION = YES_AGGRESSIVE;
				CLANG_CXX_LANGUAGE_STANDARD = "gnu++14";
				CLANG_CXX_LIBRARY = "libc++";
				CLANG_ENABLE_MODULES = YES;
				CLANG_ENABLE_OBJC_ARC = YES;
				CLANG_ENABLE_OBJC_WEAK = YES;
				CLANG_WARN_BLOCK_CAPTURE_AUTORELEASING = YES;
				CLANG_WARN_BOOL_CONVERSION = YES;
				CLANG_WARN_COMMA = YES;
				CLANG_WARN_CONSTANT_CONVERSION = YES;
				CLANG_WARN_DEPRECATED_OBJC_IMPLEMENTATIONS = YES;
				CLANG_WARN_DIRECT_OBJC_ISA_USAGE = YES_ERROR;
				CLANG_WARN_DOCUMENTATION_COMMENTS = YES;
				CLANG_WARN_EMPTY_BODY = YES;
				CLANG_WARN_ENUM_CONVERSION = YES;
				CLANG_WARN_INFINITE_RECURSION = YES;
				CLANG_WARN_INT_CONVERSION = YES;
				CLANG_WARN_NON_LITERAL_NULL_CONVERSION = YES;
				CLANG_WARN_OBJC_IMPLICIT_RETAIN_SELF = YES;
				CLANG_WARN_OBJC_LITERAL_CONVERSION = YES;
				CLANG_WARN_OBJC_ROOT_CLASS = YES_ERROR;
				CLANG_WARN_QUOTED_INCLUDE_IN_FRAMEWORK_HEADER = YES;
				CLANG_WARN_RANGE_LOOP_ANALYSIS = YES;
				CLANG_WARN_STRICT_PROTOTYPES = YES;
				CLANG_WARN_SUSPICIOUS_MOVE = YES;
				CLANG_WARN_UNGUARDED_AVAILABILITY = YES_AGGRESSIVE;
				CLANG_WARN_UNREACHABLE_CODE = YES;
				CLANG_WARN__DUPLICATE_METHOD_MATCH = YES;
				COPY_PHASE_STRIP = NO;
				DEBUG_INFORMATION_FORMAT = dwarf;
				ENABLE_STRICT_OBJC_MSGSEND = YES;
				ENABLE_TESTABILITY = YES;
				GCC_C_LANGUAGE_STANDARD = gnu11;
				GCC_DYNAMIC_NO_PIC = NO;
				GCC_NO_COMMON_BLOCKS = YES;
				GCC_OPTIMIZATION_LEVEL = 0;
				GCC_PREPROCESSOR_DEFINITIONS = (
					"DEBUG=1",
					"$(inherited)",
				);
				GCC_WARN_64_TO_32_BIT_CONVERSION = YES;
				GCC_WARN_ABOUT_RETURN_TYPE = YES_ERROR;
				GCC_WARN_UNDECLARED_SELECTOR = YES;
				GCC_WARN_UNINITIALIZED_AUTOS = YES_AGGRESSIVE;
				GCC_WARN_UNUSED_FUNCTION = YES;
				GCC_WARN_UNUSED_VARIABLE = YES;
				IPHONEOS_DEPLOYMENT_TARGET = 13.0;
				MTL_ENABLE_DEBUG_INFO = INCLUDE_SOURCE;
				MTL_FAST_MATH = YES;
				ONLY_ACTIVE_ARCH = YES;
				SDKROOT = iphoneos;
				SWIFT_ACTIVE_COMPILATION_CONDITIONS = DEBUG;
				SWIFT_OPTIMIZATION_LEVEL = "-Onone";
			};
			name = Debug;
		};
		A44A5A9325F9B0D300995823 /* Release */ = {
			isa = XCBuildConfiguration;
			buildSettings = {
				ALWAYS_SEARCH_USER_PATHS = NO;
				CLANG_ANALYZER_NONNULL = YES;
				CLANG_ANALYZER_NUMBER_OBJECT_CONVERSION = YES_AGGRESSIVE;
				CLANG_CXX_LANGUAGE_STANDARD = "gnu++14";
				CLANG_CXX_LIBRARY = "libc++";
				CLANG_ENABLE_MODULES = YES;
				CLANG_ENABLE_OBJC_ARC = YES;
				CLANG_ENABLE_OBJC_WEAK = YES;
				CLANG_WARN_BLOCK_CAPTURE_AUTORELEASING = YES;
				CLANG_WARN_BOOL_CONVERSION = YES;
				CLANG_WARN_COMMA = YES;
				CLANG_WARN_CONSTANT_CONVERSION = YES;
				CLANG_WARN_DEPRECATED_OBJC_IMPLEMENTATIONS = YES;
				CLANG_WARN_DIRECT_OBJC_ISA_USAGE = YES_ERROR;
				CLANG_WARN_DOCUMENTATION_COMMENTS = YES;
				CLANG_WARN_EMPTY_BODY = YES;
				CLANG_WARN_ENUM_CONVERSION = YES;
				CLANG_WARN_INFINITE_RECURSION = YES;
				CLANG_WARN_INT_CONVERSION = YES;
				CLANG_WARN_NON_LITERAL_NULL_CONVERSION = YES;
				CLANG_WARN_OBJC_IMPLICIT_RETAIN_SELF = YES;
				CLANG_WARN_OBJC_LITERAL_CONVERSION = YES;
				CLANG_WARN_OBJC_ROOT_CLASS = YES_ERROR;
				CLANG_WARN_QUOTED_INCLUDE_IN_FRAMEWORK_HEADER = YES;
				CLANG_WARN_RANGE_LOOP_ANALYSIS = YES;
				CLANG_WARN_STRICT_PROTOTYPES = YES;
				CLANG_WARN_SUSPICIOUS_MOVE = YES;
				CLANG_WARN_UNGUARDED_AVAILABILITY = YES_AGGRESSIVE;
				CLANG_WARN_UNREACHABLE_CODE = YES;
				CLANG_WARN__DUPLICATE_METHOD_MATCH = YES;
				COPY_PHASE_STRIP = NO;
				DEBUG_INFORMATION_FORMAT = "dwarf-with-dsym";
				ENABLE_NS_ASSERTIONS = NO;
				ENABLE_STRICT_OBJC_MSGSEND = YES;
				GCC_C_LANGUAGE_STANDARD = gnu11;
				GCC_NO_COMMON_BLOCKS = YES;
				GCC_WARN_64_TO_32_BIT_CONVERSION = YES;
				GCC_WARN_ABOUT_RETURN_TYPE = YES_ERROR;
				GCC_WARN_UNDECLARED_SELECTOR = YES;
				GCC_WARN_UNINITIALIZED_AUTOS = YES_AGGRESSIVE;
				GCC_WARN_UNUSED_FUNCTION = YES;
				GCC_WARN_UNUSED_VARIABLE = YES;
				IPHONEOS_DEPLOYMENT_TARGET = 13.0;
				MTL_ENABLE_DEBUG_INFO = NO;
				MTL_FAST_MATH = YES;
				SDKROOT = iphoneos;
				SWIFT_COMPILATION_MODE = wholemodule;
				SWIFT_OPTIMIZATION_LEVEL = "-O";
				VALIDATE_PRODUCT = YES;
			};
			name = Release;
		};
		A44A5A9525F9B0D300995823 /* Debug */ = {
			isa = XCBuildConfiguration;
			baseConfigurationReference = 8A105A1720C2E5FCBADB8898 /* Pods-MyMind.debug.xcconfig */;
			buildSettings = {
				APP_DISPLAY_NAME = "MyMind Debug";
				ASSETCATALOG_COMPILER_APPICON_NAME = AppIcon;
				ASSETCATALOG_COMPILER_GLOBAL_ACCENT_COLOR_NAME = AccentColor;
				CODE_SIGN_STYLE = Automatic;
				CURRENT_PROJECT_VERSION = 1;
				DEVELOPMENT_TEAM = NCP4JUG36Z;
				INFOPLIST_FILE = MyMind/Info.plist;
				LD_RUNPATH_SEARCH_PATHS = (
					"$(inherited)",
					"@executable_path/Frameworks",
				);
				MARKETING_VERSION = 1.0.0;
				PRODUCT_BUNDLE_IDENTIFIER = com.shopping.udi.MyMind.debug;
				PRODUCT_NAME = "$(TARGET_NAME)";
				SIGN_IN_SERVER_URL = "http://api-alpha-auth.udnshopping.com\n";
				SWIFT_VERSION = 5.0;
				TARGETED_DEVICE_FAMILY = "1,2";
				VERSIONING_SYSTEM = "apple-generic";
			};
			name = Debug;
		};
		A44A5A9625F9B0D300995823 /* Release */ = {
			isa = XCBuildConfiguration;
			baseConfigurationReference = A64D73FCB71924FE21D7799F /* Pods-MyMind.release.xcconfig */;
			buildSettings = {
				APP_DISPLAY_NAME = MyMind;
				ASSETCATALOG_COMPILER_APPICON_NAME = AppIcon;
				ASSETCATALOG_COMPILER_GLOBAL_ACCENT_COLOR_NAME = AccentColor;
				CODE_SIGN_STYLE = Automatic;
				CURRENT_PROJECT_VERSION = 1;
				DEVELOPMENT_TEAM = NCP4JUG36Z;
				INFOPLIST_FILE = MyMind/Info.plist;
				LD_RUNPATH_SEARCH_PATHS = (
					"$(inherited)",
					"@executable_path/Frameworks",
				);
				MARKETING_VERSION = 1.0.0;
				PRODUCT_BUNDLE_IDENTIFIER = com.shopping.udi.MyMind;
				PRODUCT_NAME = "$(TARGET_NAME)";
				SIGN_IN_SERVER_URL = "http://api-alpha-auth.udnshopping.com";
				SWIFT_VERSION = 5.0;
				TARGETED_DEVICE_FAMILY = "1,2";
				VERSIONING_SYSTEM = "apple-generic";
			};
			name = Release;
		};
		A44A5A9825F9B0D300995823 /* Debug */ = {
			isa = XCBuildConfiguration;
			baseConfigurationReference = 1B3C32F18D3A714EFDC0B22E /* Pods-MyMindTests.debug.xcconfig */;
			buildSettings = {
				ALWAYS_EMBED_SWIFT_STANDARD_LIBRARIES = YES;
				BUNDLE_LOADER = "$(TEST_HOST)";
				CODE_SIGN_STYLE = Automatic;
				DEVELOPMENT_TEAM = NCP4JUG36Z;
				INFOPLIST_FILE = MyMindTests/Info.plist;
				IPHONEOS_DEPLOYMENT_TARGET = 14.4;
				LD_RUNPATH_SEARCH_PATHS = (
					"$(inherited)",
					"@executable_path/Frameworks",
					"@loader_path/Frameworks",
				);
				PRODUCT_BUNDLE_IDENTIFIER = com.shopping.udi.MyMindTests;
				PRODUCT_NAME = "$(TARGET_NAME)";
				SWIFT_VERSION = 5.0;
				TARGETED_DEVICE_FAMILY = "1,2";
				TEST_HOST = "$(BUILT_PRODUCTS_DIR)/MyMind.app/MyMind";
			};
			name = Debug;
		};
		A44A5A9925F9B0D300995823 /* Release */ = {
			isa = XCBuildConfiguration;
			baseConfigurationReference = 134E37E4F16EA43954BE94DF /* Pods-MyMindTests.release.xcconfig */;
			buildSettings = {
				ALWAYS_EMBED_SWIFT_STANDARD_LIBRARIES = YES;
				BUNDLE_LOADER = "$(TEST_HOST)";
				CODE_SIGN_STYLE = Automatic;
				DEVELOPMENT_TEAM = NCP4JUG36Z;
				INFOPLIST_FILE = MyMindTests/Info.plist;
				IPHONEOS_DEPLOYMENT_TARGET = 14.4;
				LD_RUNPATH_SEARCH_PATHS = (
					"$(inherited)",
					"@executable_path/Frameworks",
					"@loader_path/Frameworks",
				);
				PRODUCT_BUNDLE_IDENTIFIER = com.shopping.udi.MyMindTests;
				PRODUCT_NAME = "$(TARGET_NAME)";
				SWIFT_VERSION = 5.0;
				TARGETED_DEVICE_FAMILY = "1,2";
				TEST_HOST = "$(BUILT_PRODUCTS_DIR)/MyMind.app/MyMind";
			};
			name = Release;
		};
		A44A5A9B25F9B0D300995823 /* Debug */ = {
			isa = XCBuildConfiguration;
			baseConfigurationReference = 5DE023121A8831DEABDA0767 /* Pods-MyMind-MyMindUITests.debug.xcconfig */;
			buildSettings = {
				ALWAYS_EMBED_SWIFT_STANDARD_LIBRARIES = YES;
				CODE_SIGN_STYLE = Automatic;
				DEVELOPMENT_TEAM = NCP4JUG36Z;
				INFOPLIST_FILE = MyMindUITests/Info.plist;
				LD_RUNPATH_SEARCH_PATHS = (
					"$(inherited)",
					"@executable_path/Frameworks",
					"@loader_path/Frameworks",
				);
				PRODUCT_BUNDLE_IDENTIFIER = com.shopping.udi.MyMindUITests;
				PRODUCT_NAME = "$(TARGET_NAME)";
				SWIFT_VERSION = 5.0;
				TARGETED_DEVICE_FAMILY = "1,2";
				TEST_TARGET_NAME = MyMind;
			};
			name = Debug;
		};
		A44A5A9C25F9B0D300995823 /* Release */ = {
			isa = XCBuildConfiguration;
			baseConfigurationReference = EB6BB17D55B5E80D4362936C /* Pods-MyMind-MyMindUITests.release.xcconfig */;
			buildSettings = {
				ALWAYS_EMBED_SWIFT_STANDARD_LIBRARIES = YES;
				CODE_SIGN_STYLE = Automatic;
				DEVELOPMENT_TEAM = NCP4JUG36Z;
				INFOPLIST_FILE = MyMindUITests/Info.plist;
				LD_RUNPATH_SEARCH_PATHS = (
					"$(inherited)",
					"@executable_path/Frameworks",
					"@loader_path/Frameworks",
				);
				PRODUCT_BUNDLE_IDENTIFIER = com.shopping.udi.MyMindUITests;
				PRODUCT_NAME = "$(TARGET_NAME)";
				SWIFT_VERSION = 5.0;
				TARGETED_DEVICE_FAMILY = "1,2";
				TEST_TARGET_NAME = MyMind;
			};
			name = Release;
		};
		A49CF8C92603248600AFC170 /* Alpha */ = {
			isa = XCBuildConfiguration;
			buildSettings = {
				ALWAYS_SEARCH_USER_PATHS = NO;
				CLANG_ANALYZER_NONNULL = YES;
				CLANG_ANALYZER_NUMBER_OBJECT_CONVERSION = YES_AGGRESSIVE;
				CLANG_CXX_LANGUAGE_STANDARD = "gnu++14";
				CLANG_CXX_LIBRARY = "libc++";
				CLANG_ENABLE_MODULES = YES;
				CLANG_ENABLE_OBJC_ARC = YES;
				CLANG_ENABLE_OBJC_WEAK = YES;
				CLANG_WARN_BLOCK_CAPTURE_AUTORELEASING = YES;
				CLANG_WARN_BOOL_CONVERSION = YES;
				CLANG_WARN_COMMA = YES;
				CLANG_WARN_CONSTANT_CONVERSION = YES;
				CLANG_WARN_DEPRECATED_OBJC_IMPLEMENTATIONS = YES;
				CLANG_WARN_DIRECT_OBJC_ISA_USAGE = YES_ERROR;
				CLANG_WARN_DOCUMENTATION_COMMENTS = YES;
				CLANG_WARN_EMPTY_BODY = YES;
				CLANG_WARN_ENUM_CONVERSION = YES;
				CLANG_WARN_INFINITE_RECURSION = YES;
				CLANG_WARN_INT_CONVERSION = YES;
				CLANG_WARN_NON_LITERAL_NULL_CONVERSION = YES;
				CLANG_WARN_OBJC_IMPLICIT_RETAIN_SELF = YES;
				CLANG_WARN_OBJC_LITERAL_CONVERSION = YES;
				CLANG_WARN_OBJC_ROOT_CLASS = YES_ERROR;
				CLANG_WARN_QUOTED_INCLUDE_IN_FRAMEWORK_HEADER = YES;
				CLANG_WARN_RANGE_LOOP_ANALYSIS = YES;
				CLANG_WARN_STRICT_PROTOTYPES = YES;
				CLANG_WARN_SUSPICIOUS_MOVE = YES;
				CLANG_WARN_UNGUARDED_AVAILABILITY = YES_AGGRESSIVE;
				CLANG_WARN_UNREACHABLE_CODE = YES;
				CLANG_WARN__DUPLICATE_METHOD_MATCH = YES;
				COPY_PHASE_STRIP = NO;
				DEBUG_INFORMATION_FORMAT = dwarf;
				ENABLE_STRICT_OBJC_MSGSEND = YES;
				ENABLE_TESTABILITY = YES;
				GCC_C_LANGUAGE_STANDARD = gnu11;
				GCC_DYNAMIC_NO_PIC = NO;
				GCC_NO_COMMON_BLOCKS = YES;
				GCC_OPTIMIZATION_LEVEL = 0;
				GCC_PREPROCESSOR_DEFINITIONS = (
					"DEBUG=1",
					"$(inherited)",
				);
				GCC_WARN_64_TO_32_BIT_CONVERSION = YES;
				GCC_WARN_ABOUT_RETURN_TYPE = YES_ERROR;
				GCC_WARN_UNDECLARED_SELECTOR = YES;
				GCC_WARN_UNINITIALIZED_AUTOS = YES_AGGRESSIVE;
				GCC_WARN_UNUSED_FUNCTION = YES;
				GCC_WARN_UNUSED_VARIABLE = YES;
				IPHONEOS_DEPLOYMENT_TARGET = 13.0;
				MTL_ENABLE_DEBUG_INFO = INCLUDE_SOURCE;
				MTL_FAST_MATH = YES;
				ONLY_ACTIVE_ARCH = YES;
				SDKROOT = iphoneos;
				SWIFT_ACTIVE_COMPILATION_CONDITIONS = DEBUG;
				SWIFT_OPTIMIZATION_LEVEL = "-Onone";
			};
			name = Alpha;
		};
		A49CF8CA2603248600AFC170 /* Alpha */ = {
			isa = XCBuildConfiguration;
			baseConfigurationReference = 0AF0378B82A57CDF6EBF3621 /* Pods-MyMind.alpha.xcconfig */;
			buildSettings = {
				APP_DISPLAY_NAME = "MyMind Alpha";
				ASSETCATALOG_COMPILER_APPICON_NAME = AppIcon;
				ASSETCATALOG_COMPILER_GLOBAL_ACCENT_COLOR_NAME = AccentColor;
				CODE_SIGN_STYLE = Automatic;
				CURRENT_PROJECT_VERSION = 1;
				DEVELOPMENT_TEAM = NCP4JUG36Z;
				INFOPLIST_FILE = MyMind/Info.plist;
				LD_RUNPATH_SEARCH_PATHS = (
					"$(inherited)",
					"@executable_path/Frameworks",
				);
				MARKETING_VERSION = 1.0.0;
				PRODUCT_BUNDLE_IDENTIFIER = com.shopping.udi.MyMind.alpha;
				PRODUCT_NAME = "$(TARGET_NAME)";
				SIGN_IN_SERVER_URL = "http://api-alpha-auth.udnshopping.com";
				SWIFT_VERSION = 5.0;
				TARGETED_DEVICE_FAMILY = "1,2";
				VERSIONING_SYSTEM = "apple-generic";
			};
			name = Alpha;
		};
		A49CF8CB2603248600AFC170 /* Alpha */ = {
			isa = XCBuildConfiguration;
			baseConfigurationReference = 3B6D7B8475F284AB766B490C /* Pods-MyMindTests.alpha.xcconfig */;
			buildSettings = {
				ALWAYS_EMBED_SWIFT_STANDARD_LIBRARIES = YES;
				BUNDLE_LOADER = "$(TEST_HOST)";
				CODE_SIGN_STYLE = Automatic;
				DEVELOPMENT_TEAM = NCP4JUG36Z;
				INFOPLIST_FILE = MyMindTests/Info.plist;
				IPHONEOS_DEPLOYMENT_TARGET = 14.4;
				LD_RUNPATH_SEARCH_PATHS = (
					"$(inherited)",
					"@executable_path/Frameworks",
					"@loader_path/Frameworks",
				);
				PRODUCT_BUNDLE_IDENTIFIER = com.shopping.udi.MyMindTests;
				PRODUCT_NAME = "$(TARGET_NAME)";
				SWIFT_VERSION = 5.0;
				TARGETED_DEVICE_FAMILY = "1,2";
				TEST_HOST = "$(BUILT_PRODUCTS_DIR)/MyMind.app/MyMind";
			};
			name = Alpha;
		};
		A49CF8CC2603248600AFC170 /* Alpha */ = {
			isa = XCBuildConfiguration;
			baseConfigurationReference = 36D22F503087EEC031CF0D02 /* Pods-MyMind-MyMindUITests.alpha.xcconfig */;
			buildSettings = {
				ALWAYS_EMBED_SWIFT_STANDARD_LIBRARIES = YES;
				CODE_SIGN_STYLE = Automatic;
				DEVELOPMENT_TEAM = NCP4JUG36Z;
				INFOPLIST_FILE = MyMindUITests/Info.plist;
				LD_RUNPATH_SEARCH_PATHS = (
					"$(inherited)",
					"@executable_path/Frameworks",
					"@loader_path/Frameworks",
				);
				PRODUCT_BUNDLE_IDENTIFIER = com.shopping.udi.MyMindUITests;
				PRODUCT_NAME = "$(TARGET_NAME)";
				SWIFT_VERSION = 5.0;
				TARGETED_DEVICE_FAMILY = "1,2";
				TEST_TARGET_NAME = MyMind;
			};
			name = Alpha;
		};
/* End XCBuildConfiguration section */

/* Begin XCConfigurationList section */
		A44A5A6525F9B0D200995823 /* Build configuration list for PBXProject "MyMind" */ = {
			isa = XCConfigurationList;
			buildConfigurations = (
				A44A5A9225F9B0D300995823 /* Debug */,
				A49CF8C92603248600AFC170 /* Alpha */,
				A44A5A9325F9B0D300995823 /* Release */,
			);
			defaultConfigurationIsVisible = 0;
			defaultConfigurationName = Release;
		};
		A44A5A9425F9B0D300995823 /* Build configuration list for PBXNativeTarget "MyMind" */ = {
			isa = XCConfigurationList;
			buildConfigurations = (
				A44A5A9525F9B0D300995823 /* Debug */,
				A49CF8CA2603248600AFC170 /* Alpha */,
				A44A5A9625F9B0D300995823 /* Release */,
			);
			defaultConfigurationIsVisible = 0;
			defaultConfigurationName = Release;
		};
		A44A5A9725F9B0D300995823 /* Build configuration list for PBXNativeTarget "MyMindTests" */ = {
			isa = XCConfigurationList;
			buildConfigurations = (
				A44A5A9825F9B0D300995823 /* Debug */,
				A49CF8CB2603248600AFC170 /* Alpha */,
				A44A5A9925F9B0D300995823 /* Release */,
			);
			defaultConfigurationIsVisible = 0;
			defaultConfigurationName = Release;
		};
		A44A5A9A25F9B0D300995823 /* Build configuration list for PBXNativeTarget "MyMindUITests" */ = {
			isa = XCConfigurationList;
			buildConfigurations = (
				A44A5A9B25F9B0D300995823 /* Debug */,
				A49CF8CC2603248600AFC170 /* Alpha */,
				A44A5A9C25F9B0D300995823 /* Release */,
			);
			defaultConfigurationIsVisible = 0;
			defaultConfigurationName = Release;
		};
/* End XCConfigurationList section */
	};
	rootObject = A44A5A6225F9B0D200995823 /* Project object */;
}
